
Microsoft Visual Studio Solution File, Format Version 12.00
# Visual Studio Version 16
VisualStudioVersion = 16.0.30104.148
MinimumVisualStudioVersion = 10.0.40219.1
Project("{FAE04EC0-301F-11D3-BF4B-00C04F79EFBC}") = "tiktok", "tiktok\tiktok.csproj", "{AF0F0071-EFE3-4A94-A881-C5D3316BA71F}"
EndProject
Global
	GlobalSection(SolutionConfigurationPlatforms) = preSolution
		Debug|Any CPU = Debug|Any CPU
		Release|Any CPU = Release|Any CPU
	EndGlobalSection
	GlobalSection(ProjectConfigurationPlatforms) = postSolution
		{AF0F0071-EFE3-4A94-A881-C5D3316BA71F}.Debug|Any CPU.ActiveCfg = Debug|Any CPU
		{AF0F0071-EFE3-4A94-A881-C5D3316BA71F}.Debug|Any CPU.Build.0 = Debug|Any CPU
		{AF0F0071-EFE3-4A94-A881-C5D3316BA71F}.Release|Any CPU.ActiveCfg = Release|Any CPU
		{AF0F0071-EFE3-4A94-A881-C5D3316BA71F}.Release|Any CPU.Build.0 = Release|Any CPU
	EndGlobalSection
	GlobalSection(SolutionProperties) = preSolution
		HideSolutionNode = FALSE
	EndGlobalSection
	GlobalSection(ExtensibilityGlobals) = postSolution
		SolutionGuid = {828FDACA-EB49-4931-987D-C3A7B9A8CDAB}
	EndGlobalSection
EndGlobal
